// !$*UTF8*$!
{
	archiveVersion = 1;
	classes = {
	};
	objectVersion = 46;
	objects = {

/* Begin PBXBuildFile section */
		CD261F021DB0A9D9006FF699 /* AppDelegate.swift in Sources */ = {isa = PBXBuildFile; fileRef = CD261F011DB0A9D9006FF699 /* AppDelegate.swift */; };
		CD261F041DB0A9D9006FF699 /* ViewController.swift in Sources */ = {isa = PBXBuildFile; fileRef = CD261F031DB0A9D9006FF699 /* ViewController.swift */; };
		CD261F071DB0A9D9006FF699 /* Main.storyboard in Resources */ = {isa = PBXBuildFile; fileRef = CD261F051DB0A9D9006FF699 /* Main.storyboard */; };
		CD261F091DB0A9D9006FF699 /* Assets.xcassets in Resources */ = {isa = PBXBuildFile; fileRef = CD261F081DB0A9D9006FF699 /* Assets.xcassets */; };
		CD261F0C1DB0A9D9006FF699 /* LaunchScreen.storyboard in Resources */ = {isa = PBXBuildFile; fileRef = CD261F0A1DB0A9D9006FF699 /* LaunchScreen.storyboard */; };
/* End PBXBuildFile section */

/* Begin PBXFileReference section */
		CD261EFE1DB0A9D9006FF699 /* ColorGuesser.app */ = {isa = PBXFileReference; explicitFileType = wrapper.application; includeInIndex = 0; path = ColorGuesser.app; sourceTree = BUILT_PRODUCTS_DIR; };
		CD261F011DB0A9D9006FF699 /* AppDelegate.swift */ = {isa = PBXFileReference; lastKnownFileType = sourcecode.swift; path = AppDelegate.swift; sourceTree = "<group>"; };
		CD261F031DB0A9D9006FF699 /* ViewController.swift */ = {isa = PBXFileReference; lastKnownFileType = sourcecode.swift; path = ViewController.swift; sourceTree = "<group>"; };
		CD261F061DB0A9D9006FF699 /* Base */ = {isa = PBXFileReference; lastKnownFileType = file.storyboard; name = Base; path = Base.lproj/Main.storyboard; sourceTree = "<group>"; };
		CD261F081DB0A9D9006FF699 /* Assets.xcassets */ = {isa = PBXFileReference; lastKnownFileType = folder.assetcatalog; path = Assets.xcassets; sourceTree = "<group>"; };
		CD261F0B1DB0A9D9006FF699 /* Base */ = {isa = PBXFileReference; lastKnownFileType = file.storyboard; name = Base; path = Base.lproj/LaunchScreen.storyboard; sourceTree = "<group>"; };
		CD261F0D1DB0A9D9006FF699 /* Info.plist */ = {isa = PBXFileReference; lastKnownFileType = text.plist.xml; path = Info.plist; sourceTree = "<group>"; };
/* End PBXFileReference section */

/* Begin PBXFrameworksBuildPhase section */
		CD261EFB1DB0A9D9006FF699 /* Frameworks */ = {
			isa = PBXFrameworksBuildPhase;
			buildActionMask = 2147483647;
			files = (
			);
			runOnlyForDeploymentPostprocessing = 0;
		};
/* End PBXFrameworksBuildPhase section */

/* Begin PBXGroup section */
		CD261EF51DB0A9D9006FF699 = {
			isa = PBXGroup;
			children = (
				CD261F001DB0A9D9006FF699 /* ColorGuesser */,
				CD261EFF1DB0A9D9006FF699 /* Products */,
			);
			sourceTree = "<group>";
		};
		CD261EFF1DB0A9D9006FF699 /* Products */ = {
			isa = PBXGroup;
			children = (
				CD261EFE1DB0A9D9006FF699 /* ColorGuesser.app */,
			);
			name = Products;
			sourceTree = "<group>";
		};
		CD261F001DB0A9D9006FF699 /* ColorGuesser */ = {
			isa = PBXGroup;
			children = (
				CD261F131DB0A9EE006FF699 /* Support Files */,
				CD261F031DB0A9D9006FF699 /* ViewController.swift */,
				CD261F051DB0A9D9006FF699 /* Main.storyboard */,
			);
			path = ColorGuesser;
			sourceTree = "<group>";
		};
		CD261F131DB0A9EE006FF699 /* Support Files */ = {
			isa = PBXGroup;
			children = (
				CD261F011DB0A9D9006FF699 /* AppDelegate.swift */,
				CD261F081DB0A9D9006FF699 /* Assets.xcassets */,
				CD261F0A1DB0A9D9006FF699 /* LaunchScreen.storyboard */,
				CD261F0D1DB0A9D9006FF699 /* Info.plist */,
			);
			name = "Support Files";
			sourceTree = "<group>";
		};
/* End PBXGroup section */

/* Begin PBXNativeTarget section */
		CD261EFD1DB0A9D9006FF699 /* ColorGuesser */ = {
			isa = PBXNativeTarget;
			buildConfigurationList = CD261F101DB0A9D9006FF699 /* Build configuration list for PBXNativeTarget "ColorGuesser" */;
			buildPhases = (
				CD261EFA1DB0A9D9006FF699 /* Sources */,
				CD261EFB1DB0A9D9006FF699 /* Frameworks */,
				CD261EFC1DB0A9D9006FF699 /* Resources */,
			);
			buildRules = (
			);
			dependencies = (
			);
			name = ColorGuesser;
			productName = ColorGuesser;
			productReference = CD261EFE1DB0A9D9006FF699 /* ColorGuesser.app */;
			productType = "com.apple.product-type.application";
		};
/* End PBXNativeTarget section */

/* Begin PBXProject section */
		CD261EF61DB0A9D9006FF699 /* Project object */ = {
			isa = PBXProject;
			attributes = {
				LastSwiftUpdateCheck = 0810;
				LastUpgradeCheck = 0810;
				ORGANIZATIONNAME = "Mohamed Hayibor";
				TargetAttributes = {
					CD261EFD1DB0A9D9006FF699 = {
						CreatedOnToolsVersion = 8.1;
						DevelopmentTeam = JZ4MC25Z5Y;
						ProvisioningStyle = Automatic;
					};
				};
			};
			buildConfigurationList = CD261EF91DB0A9D9006FF699 /* Build configuration list for PBXProject "ColorGuesser" */;
			compatibilityVersion = "Xcode 3.2";
			developmentRegion = English;
			hasScannedForEncodings = 0;
			knownRegions = (
				en,
				Base,
			);
			mainGroup = CD261EF51DB0A9D9006FF699;
			productRefGroup = CD261EFF1DB0A9D9006FF699 /* Products */;
			projectDirPath = "";
			projectRoot = "";
			targets = (
				CD261EFD1DB0A9D9006FF699 /* ColorGuesser */,
			);
		};
/* End PBXProject section */

/* Begin PBXResourcesBuildPhase section */
		CD261EFC1DB0A9D9006FF699 /* Resources */ = {
			isa = PBXResourcesBuildPhase;
			buildActionMask = 2147483647;
			files = (
				CD261F0C1DB0A9D9006FF699 /* LaunchScreen.storyboard in Resources */,
				CD261F091DB0A9D9006FF699 /* Assets.xcassets in Resources */,
				CD261F071DB0A9D9006FF699 /* Main.storyboard in Resources */,
			);
			runOnlyForDeploymentPostprocessing = 0;
		};
/* End PBXResourcesBuildPhase section */

/* Begin PBXSourcesBuildPhase section */
		CD261EFA1DB0A9D9006FF699 /* Sources */ = {
			isa = PBXSourcesBuildPhase;
			buildActionMask = 2147483647;
			files = (
				CD261F041DB0A9D9006FF699 /* ViewController.swift in Sources */,
				CD261F021DB0A9D9006FF699 /* AppDelegate.swift in Sources */,
			);
			runOnlyForDeploymentPostprocessing = 0;
		};
/* End PBXSourcesBuildPhase section */

/* Begin PBXVariantGroup section */
		CD261F051DB0A9D9006FF699 /* Main.storyboard */ = {
			isa = PBXVariantGroup;
			children = (
				CD261F061DB0A9D9006FF699 /* Base */,
			);
			name = Main.storyboard;
			sourceTree = "<group>";
		};
		CD261F0A1DB0A9D9006FF699 /* LaunchScreen.storyboard */ = {
			isa = PBXVariantGroup;
			children = (
				CD261F0B1DB0A9D9006FF699 /* Base */,
			);
			name = LaunchScreen.storyboard;
			sourceTree = "<group>";
		};
/* End PBXVariantGroup section */

/* Begin XCBuildConfiguration section */
		CD261F0E1DB0A9D9006FF699 /* Debug */ = {
			isa = XCBuildConfiguration;
			buildSettings = {
				ALWAYS_SEARCH_USER_PATHS = NO;
				CLANG_ANALYZER_NONNULL = YES;
				CLANG_CXX_LANGUAGE_STANDARD = "gnu++0x";
				CLANG_CXX_LIBRARY = "libc++";
				CLANG_ENABLE_MODULES = YES;
				CLANG_ENABLE_OBJC_ARC = YES;
				CLANG_WARN_BOOL_CONVERSION = YES;
				CLANG_WARN_CONSTANT_CONVERSION = YES;
				CLANG_WARN_DIRECT_OBJC_ISA_USAGE = YES_ERROR;
				CLANG_WARN_DOCUMENTATION_COMMENTS = YES;
				CLANG_WARN_EMPTY_BODY = YES;
				CLANG_WARN_ENUM_CONVERSION = YES;
				CLANG_WARN_INFINITE_RECURSION = YES;
				CLANG_WARN_INT_CONVERSION = YES;
				CLANG_WARN_OBJC_ROOT_CLASS = YES_ERROR;
				CLANG_WARN_SUSPICIOUS_MOVES = YES;
				CLANG_WARN_UNREACHABLE_CODE = YES;
				CLANG_WARN__DUPLICATE_METHOD_MATCH = YES;
				"CODE_SIGN_IDENTITY[sdk=iphoneos*]" = "iPhone Developer";
				COPY_PHASE_STRIP = NO;
				DEBUG_INFORMATION_FORMAT = dwarf;
				ENABLE_STRICT_OBJC_MSGSEND = YES;
				ENABLE_TESTABILITY = YES;
				GCC_C_LANGUAGE_STANDARD = gnu99;
				GCC_DYNAMIC_NO_PIC = NO;
				GCC_NO_COMMON_BLOCKS = YES;
				GCC_OPTIMIZATION_LEVEL = 0;
				GCC_PREPROCESSOR_DEFINITIONS = (
					"DEBUG=1",
					"$(inherited)",
				);
				GCC_WARN_64_TO_32_BIT_CONVERSION = YES;
				GCC_WARN_ABOUT_RETURN_TYPE = YES_ERROR;
				GCC_WARN_UNDECLARED_SELECTOR = YES;
				GCC_WARN_UNINITIALIZED_AUTOS = YES_AGGRESSIVE;
				GCC_WARN_UNUSED_FUNCTION = YES;
				GCC_WARN_UNUSED_VARIABLE = YES;
				IPHONEOS_DEPLOYMENT_TARGET = 10.1;
				MTL_ENABLE_DEBUG_INFO = YES;
				ONLY_ACTIVE_ARCH = YES;
				SDKROOT = iphoneos;
				SWIFT_ACTIVE_COMPILATION_CONDITIONS = DEBUG;
				SWIFT_OPTIMIZATION_LEVEL = "-Onone";
			};
			name = Debug;
		};
		CD261F0F1DB0A9D9006FF699 /* Release */ = {
			isa = XCBuildConfiguration;
			buildSettings = {
				ALWAYS_SEARCH_USER_PATHS = NO;
				CLANG_ANALYZER_NONNULL = YES;
				CLANG_CXX_LANGUAGE_STANDARD = "gnu++0x";
				CLANG_CXX_LIBRARY = "libc++";
				CLANG_ENABLE_MODULES = YES;
				CLANG_ENABLE_OBJC_ARC = YES;
				CLANG_WARN_BOOL_CONVERSION = YES;
				CLANG_WARN_CONSTANT_CONVERSION = YES;
				CLANG_WARN_DIRECT_OBJC_ISA_USAGE = YES_ERROR;
				CLANG_WARN_DOCUMENTATION_COMMENTS = YES;
				CLANG_WARN_EMPTY_BODY = YES;
				CLANG_WARN_ENUM_CONVERSION = YES;
				CLANG_WARN_INFINITE_RECURSION = YES;
				CLANG_WARN_INT_CONVERSION = YES;
				CLANG_WARN_OBJC_ROOT_CLASS = YES_ERROR;
				CLANG_WARN_SUSPICIOUS_MOVES = YES;
				CLANG_WARN_UNREACHABLE_CODE = YES;
				CLANG_WARN__DUPLICATE_METHOD_MATCH = YES;
				"CODE_SIGN_IDENTITY[sdk=iphoneos*]" = "iPhone Developer";
				COPY_PHASE_STRIP = NO;
				DEBUG_INFORMATION_FORMAT = "dwarf-with-dsym";
				ENABLE_NS_ASSERTIONS = NO;
				ENABLE_STRICT_OBJC_MSGSEND = YES;
				GCC_C_LANGUAGE_STANDARD = gnu99;
				GCC_NO_COMMON_BLOCKS = YES;
				GCC_WARN_64_TO_32_BIT_CONVERSION = YES;
				GCC_WARN_ABOUT_RETURN_TYPE = YES_ERROR;
				GCC_WARN_UNDECLARED_SELECTOR = YES;
				GCC_WARN_UNINITIALIZED_AUTOS = YES_AGGRESSIVE;
				GCC_WARN_UNUSED_FUNCTION = YES;
				GCC_WARN_UNUSED_VARIABLE = YES;
				IPHONEOS_DEPLOYMENT_TARGET = 10.1;
				MTL_ENABLE_DEBUG_INFO = NO;
				SDKROOT = iphoneos;
				SWIFT_OPTIMIZATION_LEVEL = "-Owholemodule";
				VALIDATE_PRODUCT = YES;
			};
			name = Release;
		};
		CD261F111DB0A9D9006FF699 /* Debug */ = {
			isa = XCBuildConfiguration;
			buildSettings = {
				ASSETCATALOG_COMPILER_APPICON_NAME = AppIcon;
				DEVELOPMENT_TEAM = JZ4MC25Z5Y;
				INFOPLIST_FILE = ColorGuesser/Info.plist;
				LD_RUNPATH_SEARCH_PATHS = "$(inherited) @executable_path/Frameworks";
				PRODUCT_BUNDLE_IDENTIFIER = MohamedHayibor.ColorGuesser;
				PRODUCT_NAME = "$(TARGET_NAME)";
				SWIFT_VERSION = 3.0;
			};
			name = Debug;
		};
		CD261F121DB0A9D9006FF699 /* Release */ = {
			isa = XCBuildConfiguration;
			buildSettings = {
				ASSETCATALOG_COMPILER_APPICON_NAME = AppIcon;
				DEVELOPMENT_TEAM = JZ4MC25Z5Y;
				INFOPLIST_FILE = ColorGuesser/Info.plist;
				LD_RUNPATH_SEARCH_PATHS = "$(inherited) @executable_path/Frameworks";
				PRODUCT_BUNDLE_IDENTIFIER = MohamedHayibor.ColorGuesser;
				PRODUCT_NAME = "$(TARGET_NAME)";
				SWIFT_VERSION = 3.0;
			};
			name = Release;
		};
/* End XCBuildConfiguration section */

/* Begin XCConfigurationList section */
		CD261EF91DB0A9D9006FF699 /* Build configuration list for PBXProject "ColorGuesser" */ = {
			isa = XCConfigurationList;
			buildConfigurations = (
				CD261F0E1DB0A9D9006FF699 /* Debug */,
				CD261F0F1DB0A9D9006FF699 /* Release */,
			);
			defaultConfigurationIsVisible = 0;
			defaultConfigurationName = Release;
		};
		CD261F101DB0A9D9006FF699 /* Build configuration list for PBXNativeTarget "ColorGuesser" */ = {
			isa = XCConfigurationList;
			buildConfigurations = (
				CD261F111DB0A9D9006FF699 /* Debug */,
				CD261F121DB0A9D9006FF699 /* Release */,
			);
			defaultConfigurationIsVisible = 0;
			defaultConfigurationName = Release;
		};
/* End XCConfigurationList section */
	};
	rootObject = CD261EF61DB0A9D9006FF699 /* Project object */;
}
